<Solution>
  <Project Path="UserAccessManager.API.Tests/UserAccessManager.API.Tests.csproj" />
  <Project Path="UserAccessManager.API/UserAccessManager.API.csproj" />
  <Project Path="UserAccessManager.Core/UserAccessManager.Core.csproj" />
  <Project Path="UserAccessManager.Infrastructure/UserAccessManager.Infrastructure.csproj" />
</Solution>
